
Microsoft Visual Studio Solution File, Format Version 12.00
Project("{FAE04EC0-301F-11D3-BF4B-00C04F79EFBC}") = "LanguageServer.Framework", "LanguageServer.Framework\LanguageServer.Framework.csproj", "{E853E3A0-9F5E-41F5-B1AB-6E1D53211BD8}"
EndProject
Project("{FAE04EC0-301F-11D3-BF4B-00C04F79EFBC}") = "LanguageServer.Test", "LanguageServer.Test\LanguageServer.Test.csproj", "{5093EFF7-1C54-4235-BD2F-2F3AC8ECA90A}"
EndProject
Global
	GlobalSection(SolutionConfigurationPlatforms) = preSolution
		Debug|Any CPU = Debug|Any CPU
		Release|Any CPU = Release|Any CPU
	EndGlobalSection
	GlobalSection(ProjectConfigurationPlatforms) = postSolution
		{E853E3A0-9F5E-41F5-B1AB-6E1D53211BD8}.Debug|Any CPU.ActiveCfg = Debug|Any CPU
		{E853E3A0-9F5E-41F5-B1AB-6E1D53211BD8}.Debug|Any CPU.Build.0 = Debug|Any CPU
		{E853E3A0-9F5E-41F5-B1AB-6E1D53211BD8}.Release|Any CPU.ActiveCfg = Release|Any CPU
		{E853E3A0-9F5E-41F5-B1AB-6E1D53211BD8}.Release|Any CPU.Build.0 = Release|Any CPU
		{5093EFF7-1C54-4235-BD2F-2F3AC8ECA90A}.Debug|Any CPU.ActiveCfg = Debug|Any CPU
		{5093EFF7-1C54-4235-BD2F-2F3AC8ECA90A}.Debug|Any CPU.Build.0 = Debug|Any CPU
		{5093EFF7-1C54-4235-BD2F-2F3AC8ECA90A}.Release|Any CPU.ActiveCfg = Release|Any CPU
		{5093EFF7-1C54-4235-BD2F-2F3AC8ECA90A}.Release|Any CPU.Build.0 = Release|Any CPU
	EndGlobalSection
EndGlobal
